
Microsoft Visual Studio Solution File, Format Version 12.00
# Visual Studio Version 17
VisualStudioVersion = 17.13.35919.96 d17.13
MinimumVisualStudioVersion = 10.0.40219.1
Project("{FAE04EC0-301F-11D3-BF4B-00C04F79EFBC}") = "CRM.Proje1", "CRM.Proje1.csproj", "{757C763C-7692-434B-A02C-1C4EBE82A0EC}"
EndProject
Global
	GlobalSection(SolutionConfigurationPlatforms) = preSolution
		Debug|Any CPU = Debug|Any CPU
		Release|Any CPU = Release|Any CPU
	EndGlobalSection
	GlobalSection(ProjectConfigurationPlatforms) = postSolution
		{757C763C-7692-434B-A02C-1C4EBE82A0EC}.Debug|Any CPU.ActiveCfg = Debug|Any CPU
		{757C763C-7692-434B-A02C-1C4EBE82A0EC}.Debug|Any CPU.Build.0 = Debug|Any CPU
		{757C763C-7692-434B-A02C-1C4EBE82A0EC}.Release|Any CPU.ActiveCfg = Release|Any CPU
		{757C763C-7692-434B-A02C-1C4EBE82A0EC}.Release|Any CPU.Build.0 = Release|Any CPU
	EndGlobalSection
	GlobalSection(SolutionProperties) = preSolution
		HideSolutionNode = FALSE
	EndGlobalSection
	GlobalSection(ExtensibilityGlobals) = postSolution
		SolutionGuid = {A699B07E-857D-4391-9FB9-769F38B81D11}
	EndGlobalSection
EndGlobal
